
Microsoft Visual Studio Solution File, Format Version 12.00
# Visual Studio Version 17
VisualStudioVersion = 17.9.34723.18
MinimumVisualStudioVersion = 10.0.40219.1
Project("{FAE04EC0-301F-11D3-BF4B-00C04F79EFBC}") = "CRUDNETMVC", "CRUDNETMVC\CRUDNETMVC.csproj", "{80B4A3A4-C6BA-441A-8A7D-A21DB75BAEEC}"
EndProject
Global
	GlobalSection(SolutionConfigurationPlatforms) = preSolution
		Debug|Any CPU = Debug|Any CPU
		Release|Any CPU = Release|Any CPU
	EndGlobalSection
	GlobalSection(ProjectConfigurationPlatforms) = postSolution
		{80B4A3A4-C6BA-441A-8A7D-A21DB75BAEEC}.Debug|Any CPU.ActiveCfg = Debug|Any CPU
		{80B4A3A4-C6BA-441A-8A7D-A21DB75BAEEC}.Debug|Any CPU.Build.0 = Debug|Any CPU
		{80B4A3A4-C6BA-441A-8A7D-A21DB75BAEEC}.Release|Any CPU.ActiveCfg = Release|Any CPU
		{80B4A3A4-C6BA-441A-8A7D-A21DB75BAEEC}.Release|Any CPU.Build.0 = Release|Any CPU
	EndGlobalSection
	GlobalSection(SolutionProperties) = preSolution
		HideSolutionNode = FALSE
	EndGlobalSection
	GlobalSection(ExtensibilityGlobals) = postSolution
		SolutionGuid = {0A7D0770-0440-4DC5-B9C2-98FC877048C3}
	EndGlobalSection
EndGlobal
